// !$*UTF8*$!
{
	archiveVersion = 1;
	classes = {
	};
	objectVersion = 77;
	objects = {

/* Begin PBXBuildFile section */
		001056A58D6A044FE878C816 /* CPUArchitecture.swift in Sources */ = {isa = PBXBuildFile; fileRef = 40E9F0D88FC395A0E299CABE /* CPUArchitecture.swift */; };
		002ED17C38422E0665BDA70C /* AbletonProjectScannerTests.swift in Sources */ = {isa = PBXBuildFile; fileRef = 9FF4EF4A1B1F491B5FCB2107 /* AbletonProjectScannerTests.swift */; };
		094A82A62070027682AB3EFC /* PluginMatcherTests.swift in Sources */ = {isa = PBXBuildFile; fileRef = C664FA0B7A7969EFAD0316E0 /* PluginMatcherTests.swift */; };
		0A69C6CDB779E830D34E4E81 /* PluginHideTests.swift in Sources */ = {isa = PBXBuildFile; fileRef = 54993856C5106C87AEBC386E /* PluginHideTests.swift */; };
		0C2B1176C0E94B366EEA9719 /* AppUpdateChecker.swift in Sources */ = {isa = PBXBuildFile; fileRef = 2FC140E85F6B430D9D28E88F /* AppUpdateChecker.swift */; };
		0D301D58EFA2BE8EE6C3DCF5 /* UpdateManifestTests.swift in Sources */ = {isa = PBXBuildFile; fileRef = A837F2C3F147FE3B2378743E /* UpdateManifestTests.swift */; };
		0D59BE745E8A11095705C990 /* VendorResolverTests.swift in Sources */ = {isa = PBXBuildFile; fileRef = 5DBDCA9E8EEA702794CA532A /* VendorResolverTests.swift */; };
		1426A98A13DBF5C5D184993D /* VendorResolver.swift in Sources */ = {isa = PBXBuildFile; fileRef = DA3A07860952E18E0DEC046B /* VendorResolver.swift */; };
		158504F9C4BF11B961B54251 /* PluginMatcher.swift in Sources */ = {isa = PBXBuildFile; fileRef = 26C4FEC3DC6C7D6191981965 /* PluginMatcher.swift */; };
		1AD3F653DF2ED4EE9DE9FA48 /* DashboardView.swift in Sources */ = {isa = PBXBuildFile; fileRef = 696F41E6C13E22B96BB66267 /* DashboardView.swift */; };
		2399380FC71A4C0E4A1393F6 /* BundleMetadataExtractor.swift in Sources */ = {isa = PBXBuildFile; fileRef = 197B81B66CD75BA67B4741F0 /* BundleMetadataExtractor.swift */; };
		2638FD8F14CECB04E4FA2257 /* VendorInfo.swift in Sources */ = {isa = PBXBuildFile; fileRef = 613B2B7BA5C37C8E758A0BF9 /* VendorInfo.swift */; };
		26EC09E92BD8EB4594B0581B /* AbletonProjectParser.swift in Sources */ = {isa = PBXBuildFile; fileRef = 5BDE5668FF5EA5B0845DD8F3 /* AbletonProjectParser.swift */; };
		2B88331B0AB8407AE5B3B5F9 /* AppUpdateCheckerTests.swift in Sources */ = {isa = PBXBuildFile; fileRef = F000674EA4300F88278E2F37 /* AppUpdateCheckerTests.swift */; };
		2EF730C86C416F28B22BEC98 /* PluginVersion.swift in Sources */ = {isa = PBXBuildFile; fileRef = 8BC4908F51CDC729F0645FC6 /* PluginVersion.swift */; };
		300120473D5D58C1510785F3 /* PersistenceController.swift in Sources */ = {isa = PBXBuildFile; fileRef = A8507964F3E9247BFC5BB580 /* PersistenceController.swift */; };
		309026F4A5FE45F2A6B979CC /* VendorURLResolverTests.swift in Sources */ = {isa = PBXBuildFile; fileRef = 058703EFBA8361D1A9CFE0E8 /* VendorURLResolverTests.swift */; };
		3B77607C97AEA365C179293C /* PluginFormatTests.swift in Sources */ = {isa = PBXBuildFile; fileRef = 02063DE3C8D3333A309332EC /* PluginFormatTests.swift */; };
		424E33F6164C2AC0F13DC754 /* PluginScanner.swift in Sources */ = {isa = PBXBuildFile; fileRef = C0075A029C426D72E02843DB /* PluginScanner.swift */; };
		431B5E454463F9CA9C3AF02E /* AbletonProjectScanner.swift in Sources */ = {isa = PBXBuildFile; fileRef = 1C88F3F96F4096F64078A348 /* AbletonProjectScanner.swift */; };
		4B7C03DCD25941E0E9D4CE59 /* ProjectListView.swift in Sources */ = {isa = PBXBuildFile; fileRef = BB7F42BE5E5DA6496192F356 /* ProjectListView.swift */; };
		4C33669D95444617E54A5D63 /* AbletonProject.swift in Sources */ = {isa = PBXBuildFile; fileRef = AB541C2C1BBAE25F36584A8F /* AbletonProject.swift */; };
		4D3ED583D835CC072BA442F7 /* ContextMenuActionTests.swift in Sources */ = {isa = PBXBuildFile; fileRef = FE222F13CA653E287E98D190 /* ContextMenuActionTests.swift */; };
		58FE6954E649DE2B614BC00D /* AbletonProjectModelTests.swift in Sources */ = {isa = PBXBuildFile; fileRef = 990E16D0A171C0562103EE08 /* AbletonProjectModelTests.swift */; };
		5AC8E361BC1A63D3672BA750 /* vendor_urls.json in Resources */ = {isa = PBXBuildFile; fileRef = BE724FF345F7369F4059BB6E /* vendor_urls.json */; };
		5E74265A9645B66EB4C21E84 /* ProjectDetailView.swift in Sources */ = {isa = PBXBuildFile; fileRef = 77BFAC4857A07DF1A9660DB8 /* ProjectDetailView.swift */; };
		5EC118195278CECA9A597B86 /* AppState.swift in Sources */ = {isa = PBXBuildFile; fileRef = EC93F8EF57BA9A0FD9879280 /* AppState.swift */; };
		672E54C5CE4EBBA486DA3D1A /* PluginImageService.swift in Sources */ = {isa = PBXBuildFile; fileRef = 5C33FFFC7417CE4C6FC7FF12 /* PluginImageService.swift */; };
		676BD62C9C7651D4D040103F /* AvailableVersionCell.swift in Sources */ = {isa = PBXBuildFile; fileRef = 5C11DF638C0C66FA77CD533E /* AvailableVersionCell.swift */; };
		6CAB8E41AF6C5406489BF843 /* UpdateStatusIndicatorTests.swift in Sources */ = {isa = PBXBuildFile; fileRef = 3C4F86DC778100292C275751 /* UpdateStatusIndicatorTests.swift */; };
		7341AFB665F38EDA0DD89450 /* ManifestManager.swift in Sources */ = {isa = PBXBuildFile; fileRef = AB464ABB49A24F29E6CF5654 /* ManifestManager.swift */; };
		77E5B68EC2A706F54DBE4439 /* URL+PluginBundle.swift in Sources */ = {isa = PBXBuildFile; fileRef = 151EB46EC83CDD51442D51E8 /* URL+PluginBundle.swift */; };
		7BF3E307DB4608D962156F1E /* default_manifest.json in Resources */ = {isa = PBXBuildFile; fileRef = 2A275AFC90E301499BCBB80A /* default_manifest.json */; };
		7E6A1152237E18A8C9A90059 /* AbletonProjectParserTests.swift in Sources */ = {isa = PBXBuildFile; fileRef = E70B64A002F6840CC260242D /* AbletonProjectParserTests.swift */; };
		7E95577656352305F6537C11 /* NSTableViewFinder.swift in Sources */ = {isa = PBXBuildFile; fileRef = 9AF4A30AE18D8FC6309341A9 /* NSTableViewFinder.swift */; };
		846D8655E139B8D9B814B8DE /* Plugin.swift in Sources */ = {isa = PBXBuildFile; fileRef = 6BC8E0BFE748332634B82821 /* Plugin.swift */; };
		898EF245015E10839D80C33D /* PluginModelTests.swift in Sources */ = {isa = PBXBuildFile; fileRef = C8A56CA68C718D6EB1FD50D7 /* PluginModelTests.swift */; };
		899B613AB284F8F9D528EC0B /* AppVersion.swift in Sources */ = {isa = PBXBuildFile; fileRef = 5006207CA28B14BE7DFB20CD /* AppVersion.swift */; };
		8ECAB3C9ED34D1868CCF7FB7 /* VersionHistoryView.swift in Sources */ = {isa = PBXBuildFile; fileRef = EF0DAA61F5C1D3CA587AF319 /* VersionHistoryView.swift */; };
		95949FB06F9BE8690F99E941 /* ProjectReconcilerTests.swift in Sources */ = {isa = PBXBuildFile; fileRef = 4ABA7B65965903CD781A23E7 /* ProjectReconcilerTests.swift */; };
		9E34A902CB91B58410878005 /* PluginFormat.swift in Sources */ = {isa = PBXBuildFile; fileRef = 50B2F733E2F4A6FA4BFC9282 /* PluginFormat.swift */; };
		9FBEF27BFFC36F3B978022BB /* ProjectDetailViewTests.swift in Sources */ = {isa = PBXBuildFile; fileRef = 7260843A198DC8AF06D3BCDC /* ProjectDetailViewTests.swift */; };
		A0789214418FC09BCFFA1A08 /* PluginDetailView.swift in Sources */ = {isa = PBXBuildFile; fileRef = 9C050396835BD7F636548ACE /* PluginDetailView.swift */; };
		A4F965356550E03BE2D1254D /* AssetNamesTests.swift in Sources */ = {isa = PBXBuildFile; fileRef = 5642C14BB4CA023226BC86AA /* AssetNamesTests.swift */; };
		A709FEEA68B7E388F1A5AAFD /* VendorLink.swift in Sources */ = {isa = PBXBuildFile; fileRef = 68BBAABB4C7CF313F0C5E8E0 /* VendorLink.swift */; };
		A83F2BF484741B576EBFD528 /* ArchitectureDetectorTests.swift in Sources */ = {isa = PBXBuildFile; fileRef = CB60DE5B1E64F45E37BD8A1C /* ArchitectureDetectorTests.swift */; };
		AE39E1893F3995A0372E46C8 /* UpdateStatusIndicator.swift in Sources */ = {isa = PBXBuildFile; fileRef = 3B2A40B95918D92D1FAEB0BC /* UpdateStatusIndicator.swift */; };
		B08B71EF247DE2731E581B58 /* ProjectListViewTests.swift in Sources */ = {isa = PBXBuildFile; fileRef = AAF221F6C24157869E6F3E85 /* ProjectListViewTests.swift */; };
		B26B9937EF5FB24735575B8C /* NotificationSettingsView.swift in Sources */ = {isa = PBXBuildFile; fileRef = 77DEF28C969390E7D1827F3D /* NotificationSettingsView.swift */; };
		B49D299B461F137CCE71320E /* NotificationManager.swift in Sources */ = {isa = PBXBuildFile; fileRef = 27AD453D9B6930C4A3717BED /* NotificationManager.swift */; };
		B6220976895AFAD7563D0C4F /* URLExtensionTests.swift in Sources */ = {isa = PBXBuildFile; fileRef = 5CE6380DB266015098CA2F47 /* URLExtensionTests.swift */; };
		BB685A85A17B33B5B7F744F2 /* String+Version.swift in Sources */ = {isa = PBXBuildFile; fileRef = 443F8EF8565B79D25D4658BE /* String+Version.swift */; };
		BD97DA43C9B1536C8035B73E /* AppLogger.swift in Sources */ = {isa = PBXBuildFile; fileRef = 567E1F6ED699C9EAFA295ED1 /* AppLogger.swift */; };
		C226CFE3B3914AF892FB57AA /* ScanLocationTests.swift in Sources */ = {isa = PBXBuildFile; fileRef = 9EDFCF45CB9FA3E07DE63CF5 /* ScanLocationTests.swift */; };
		C234C97DC03FF1364B11692C /* VersionCheckerTests.swift in Sources */ = {isa = PBXBuildFile; fileRef = C419BEFFE80A25F8F0CCC4E2 /* VersionCheckerTests.swift */; };
		C3C4D4DD4EDB0D265BF124A2 /* PluginFormatBadge.swift in Sources */ = {isa = PBXBuildFile; fileRef = 17DFB4D8B2C016D078A49A68 /* PluginFormatBadge.swift */; };
		C5B8D7AF3420606D0EC80F93 /* PluginReconcilerTests.swift in Sources */ = {isa = PBXBuildFile; fileRef = 7A598E6367944C87FE41AEE0 /* PluginReconcilerTests.swift */; };
		C92E9EEF49370FF411973B90 /* PluginScannerTests.swift in Sources */ = {isa = PBXBuildFile; fileRef = 17D4C0D1A9C8114B07C93E84 /* PluginScannerTests.swift */; };
		CD34817EAA390B6528E62B5D /* MenuBarPopoverView.swift in Sources */ = {isa = PBXBuildFile; fileRef = 7FE3723F80F115C503F6117F /* MenuBarPopoverView.swift */; };
		D584995C9E4B2B57E7AB34D1 /* VersionParserTests.swift in Sources */ = {isa = PBXBuildFile; fileRef = 9F4E2D6328514A432E594F40 /* VersionParserTests.swift */; };
		D9D1FC24E55250860FF6AA5D /* PersistenceControllerTests.swift in Sources */ = {isa = PBXBuildFile; fileRef = 0F4C374ECB160B55AF5974F3 /* PersistenceControllerTests.swift */; };
		DAD8803691DCB4FF77AB2EC0 /* cask_mappings.json in Resources */ = {isa = PBXBuildFile; fileRef = D3A38EDC8D6ED15E7BEF4646 /* cask_mappings.json */; };
		DB03D582F8E7BA9FD73350EB /* VendorURLResolver.swift in Sources */ = {isa = PBXBuildFile; fileRef = CE00D48FF579CB2C859A32CF /* VendorURLResolver.swift */; };
		DDA1FEB4B3D0FA778B40B8C9 /* Assets.xcassets in Resources */ = {isa = PBXBuildFile; fileRef = 986676A91CA888FBD5DC549A /* Assets.xcassets */; };
		DE50686CF90D72FE5067B057 /* PluginReconciler.swift in Sources */ = {isa = PBXBuildFile; fileRef = 48945FF5154578D9FA574F84 /* PluginReconciler.swift */; };
		E1065AF7BEAEE6C7B28F1A6E /* ArchitectureDetector.swift in Sources */ = {isa = PBXBuildFile; fileRef = B66AD28DDDD2ED9703BCD41B /* ArchitectureDetector.swift */; };
		E36F62F52B778306706E170D /* PluginUpdaterApp.swift in Sources */ = {isa = PBXBuildFile; fileRef = EE5E64D484AEBF8F443CC747 /* PluginUpdaterApp.swift */; };
		ECA8707A7773A23B9E80059F /* Constants.swift in Sources */ = {isa = PBXBuildFile; fileRef = 3E9D30986AADC09D953814BE /* Constants.swift */; };
		EDC66A04A27FBAE6D80470EC /* ProjectReconciler.swift in Sources */ = {isa = PBXBuildFile; fileRef = 859839BCCB9C43D08AF95F7D /* ProjectReconciler.swift */; };
		EDF5385E9626F393378D3790 /* ScanPathsEditor.swift in Sources */ = {isa = PBXBuildFile; fileRef = 0DC3971E9045D641781CF69E /* ScanPathsEditor.swift */; };
		F1190AAC2028E4067E12D151 /* ScanLocation.swift in Sources */ = {isa = PBXBuildFile; fileRef = A588CB8DFDCA92B11B7ECDC7 /* ScanLocation.swift */; };
		F3C6BA58672FB61A3F52CA11 /* BundleMetadataExtractorTests.swift in Sources */ = {isa = PBXBuildFile; fileRef = CBA6B4E9B3F58F0C720500CB /* BundleMetadataExtractorTests.swift */; };
		F4E3F3721B3D4DC21F5B7618 /* UpdateManifestEntry.swift in Sources */ = {isa = PBXBuildFile; fileRef = 8FD735DCF3B89D813DB2D8CF /* UpdateManifestEntry.swift */; };
		F65525A9AA9BCA5A0249F223 /* FileSystemMonitor.swift in Sources */ = {isa = PBXBuildFile; fileRef = 6374A2122F3079A1BD7E318D /* FileSystemMonitor.swift */; };
		F720A9F3DF5B4C2CB1F06D77 /* VersionChecker.swift in Sources */ = {isa = PBXBuildFile; fileRef = F5DF70C3C105617C5ED85FF7 /* VersionChecker.swift */; };
		FA9F5B3B76F71F73DA81D765 /* SettingsView.swift in Sources */ = {isa = PBXBuildFile; fileRef = 7E455535FE74D6F17BDEBF9E /* SettingsView.swift */; };
		FC5247E53239629726DAC9D6 /* AbletonProjectPlugin.swift in Sources */ = {isa = PBXBuildFile; fileRef = BBF560CA07A0EBF86AD46F17 /* AbletonProjectPlugin.swift */; };
/* End PBXBuildFile section */

/* Begin PBXContainerItemProxy section */
		7A8466427124B0AC1E37F63C /* PBXContainerItemProxy */ = {
			isa = PBXContainerItemProxy;
			containerPortal = CF20AACFDD057574C3092F2F /* Project object */;
			proxyType = 1;
			remoteGlobalIDString = 08FC87220CDBFC1E7805D738;
			remoteInfo = PluginUpdater;
		};
/* End PBXContainerItemProxy section */

/* Begin PBXFileReference section */
		02063DE3C8D3333A309332EC /* PluginFormatTests.swift */ = {isa = PBXFileReference; lastKnownFileType = sourcecode.swift; path = PluginFormatTests.swift; sourceTree = "<group>"; };
		058703EFBA8361D1A9CFE0E8 /* VendorURLResolverTests.swift */ = {isa = PBXFileReference; lastKnownFileType = sourcecode.swift; path = VendorURLResolverTests.swift; sourceTree = "<group>"; };
		0DC3971E9045D641781CF69E /* ScanPathsEditor.swift */ = {isa = PBXFileReference; lastKnownFileType = sourcecode.swift; path = ScanPathsEditor.swift; sourceTree = "<group>"; };
		0F4C374ECB160B55AF5974F3 /* PersistenceControllerTests.swift */ = {isa = PBXFileReference; lastKnownFileType = sourcecode.swift; path = PersistenceControllerTests.swift; sourceTree = "<group>"; };
		151EB46EC83CDD51442D51E8 /* URL+PluginBundle.swift */ = {isa = PBXFileReference; lastKnownFileType = sourcecode.swift; path = "URL+PluginBundle.swift"; sourceTree = "<group>"; };
		17D4C0D1A9C8114B07C93E84 /* PluginScannerTests.swift */ = {isa = PBXFileReference; lastKnownFileType = sourcecode.swift; path = PluginScannerTests.swift; sourceTree = "<group>"; };
		17DFB4D8B2C016D078A49A68 /* PluginFormatBadge.swift */ = {isa = PBXFileReference; lastKnownFileType = sourcecode.swift; path = PluginFormatBadge.swift; sourceTree = "<group>"; };
		197B81B66CD75BA67B4741F0 /* BundleMetadataExtractor.swift */ = {isa = PBXFileReference; lastKnownFileType = sourcecode.swift; path = BundleMetadataExtractor.swift; sourceTree = "<group>"; };
		1C88F3F96F4096F64078A348 /* AbletonProjectScanner.swift */ = {isa = PBXFileReference; lastKnownFileType = sourcecode.swift; path = AbletonProjectScanner.swift; sourceTree = "<group>"; };
		26C4FEC3DC6C7D6191981965 /* PluginMatcher.swift */ = {isa = PBXFileReference; lastKnownFileType = sourcecode.swift; path = PluginMatcher.swift; sourceTree = "<group>"; };
		26FAE2FD3A9E736C649A8D80 /* PluginUpdater.app */ = {isa = PBXFileReference; explicitFileType = wrapper.application; includeInIndex = 0; path = PluginUpdater.app; sourceTree = BUILT_PRODUCTS_DIR; };
		27AD453D9B6930C4A3717BED /* NotificationManager.swift */ = {isa = PBXFileReference; lastKnownFileType = sourcecode.swift; path = NotificationManager.swift; sourceTree = "<group>"; };
		2A275AFC90E301499BCBB80A /* default_manifest.json */ = {isa = PBXFileReference; lastKnownFileType = text.json; path = default_manifest.json; sourceTree = "<group>"; };
		2FC140E85F6B430D9D28E88F /* AppUpdateChecker.swift */ = {isa = PBXFileReference; lastKnownFileType = sourcecode.swift; path = AppUpdateChecker.swift; sourceTree = "<group>"; };
		3B2A40B95918D92D1FAEB0BC /* UpdateStatusIndicator.swift */ = {isa = PBXFileReference; lastKnownFileType = sourcecode.swift; path = UpdateStatusIndicator.swift; sourceTree = "<group>"; };
		3C4F86DC778100292C275751 /* UpdateStatusIndicatorTests.swift */ = {isa = PBXFileReference; lastKnownFileType = sourcecode.swift; path = UpdateStatusIndicatorTests.swift; sourceTree = "<group>"; };
		3E9D30986AADC09D953814BE /* Constants.swift */ = {isa = PBXFileReference; lastKnownFileType = sourcecode.swift; path = Constants.swift; sourceTree = "<group>"; };
		40E9F0D88FC395A0E299CABE /* CPUArchitecture.swift */ = {isa = PBXFileReference; lastKnownFileType = sourcecode.swift; path = CPUArchitecture.swift; sourceTree = "<group>"; };
		443F8EF8565B79D25D4658BE /* String+Version.swift */ = {isa = PBXFileReference; lastKnownFileType = sourcecode.swift; path = "String+Version.swift"; sourceTree = "<group>"; };
		48945FF5154578D9FA574F84 /* PluginReconciler.swift */ = {isa = PBXFileReference; lastKnownFileType = sourcecode.swift; path = PluginReconciler.swift; sourceTree = "<group>"; };
		4ABA7B65965903CD781A23E7 /* ProjectReconcilerTests.swift */ = {isa = PBXFileReference; lastKnownFileType = sourcecode.swift; path = ProjectReconcilerTests.swift; sourceTree = "<group>"; };
		5006207CA28B14BE7DFB20CD /* AppVersion.swift */ = {isa = PBXFileReference; lastKnownFileType = sourcecode.swift; path = AppVersion.swift; sourceTree = "<group>"; };
		50B2F733E2F4A6FA4BFC9282 /* PluginFormat.swift */ = {isa = PBXFileReference; lastKnownFileType = sourcecode.swift; path = PluginFormat.swift; sourceTree = "<group>"; };
		54993856C5106C87AEBC386E /* PluginHideTests.swift */ = {isa = PBXFileReference; lastKnownFileType = sourcecode.swift; path = PluginHideTests.swift; sourceTree = "<group>"; };
		5642C14BB4CA023226BC86AA /* AssetNamesTests.swift */ = {isa = PBXFileReference; lastKnownFileType = sourcecode.swift; path = AssetNamesTests.swift; sourceTree = "<group>"; };
		567E1F6ED699C9EAFA295ED1 /* AppLogger.swift */ = {isa = PBXFileReference; lastKnownFileType = sourcecode.swift; path = AppLogger.swift; sourceTree = "<group>"; };
		5BDE5668FF5EA5B0845DD8F3 /* AbletonProjectParser.swift */ = {isa = PBXFileReference; lastKnownFileType = sourcecode.swift; path = AbletonProjectParser.swift; sourceTree = "<group>"; };
		5C11DF638C0C66FA77CD533E /* AvailableVersionCell.swift */ = {isa = PBXFileReference; lastKnownFileType = sourcecode.swift; path = AvailableVersionCell.swift; sourceTree = "<group>"; };
		5C33FFFC7417CE4C6FC7FF12 /* PluginImageService.swift */ = {isa = PBXFileReference; lastKnownFileType = sourcecode.swift; path = PluginImageService.swift; sourceTree = "<group>"; };
		5CE6380DB266015098CA2F47 /* URLExtensionTests.swift */ = {isa = PBXFileReference; lastKnownFileType = sourcecode.swift; path = URLExtensionTests.swift; sourceTree = "<group>"; };
		5DBDCA9E8EEA702794CA532A /* VendorResolverTests.swift */ = {isa = PBXFileReference; lastKnownFileType = sourcecode.swift; path = VendorResolverTests.swift; sourceTree = "<group>"; };
		613B2B7BA5C37C8E758A0BF9 /* VendorInfo.swift */ = {isa = PBXFileReference; lastKnownFileType = sourcecode.swift; path = VendorInfo.swift; sourceTree = "<group>"; };
		6374A2122F3079A1BD7E318D /* FileSystemMonitor.swift */ = {isa = PBXFileReference; lastKnownFileType = sourcecode.swift; path = FileSystemMonitor.swift; sourceTree = "<group>"; };
		68BBAABB4C7CF313F0C5E8E0 /* VendorLink.swift */ = {isa = PBXFileReference; lastKnownFileType = sourcecode.swift; path = VendorLink.swift; sourceTree = "<group>"; };
		696F41E6C13E22B96BB66267 /* DashboardView.swift */ = {isa = PBXFileReference; lastKnownFileType = sourcecode.swift; path = DashboardView.swift; sourceTree = "<group>"; };
		6BC8E0BFE748332634B82821 /* Plugin.swift */ = {isa = PBXFileReference; lastKnownFileType = sourcecode.swift; path = Plugin.swift; sourceTree = "<group>"; };
		7260843A198DC8AF06D3BCDC /* ProjectDetailViewTests.swift */ = {isa = PBXFileReference; lastKnownFileType = sourcecode.swift; path = ProjectDetailViewTests.swift; sourceTree = "<group>"; };
		77BFAC4857A07DF1A9660DB8 /* ProjectDetailView.swift */ = {isa = PBXFileReference; lastKnownFileType = sourcecode.swift; path = ProjectDetailView.swift; sourceTree = "<group>"; };
		77DEF28C969390E7D1827F3D /* NotificationSettingsView.swift */ = {isa = PBXFileReference; lastKnownFileType = sourcecode.swift; path = NotificationSettingsView.swift; sourceTree = "<group>"; };
		7A598E6367944C87FE41AEE0 /* PluginReconcilerTests.swift */ = {isa = PBXFileReference; lastKnownFileType = sourcecode.swift; path = PluginReconcilerTests.swift; sourceTree = "<group>"; };
		7E455535FE74D6F17BDEBF9E /* SettingsView.swift */ = {isa = PBXFileReference; lastKnownFileType = sourcecode.swift; path = SettingsView.swift; sourceTree = "<group>"; };
		7FE3723F80F115C503F6117F /* MenuBarPopoverView.swift */ = {isa = PBXFileReference; lastKnownFileType = sourcecode.swift; path = MenuBarPopoverView.swift; sourceTree = "<group>"; };
		859839BCCB9C43D08AF95F7D /* ProjectReconciler.swift */ = {isa = PBXFileReference; lastKnownFileType = sourcecode.swift; path = ProjectReconciler.swift; sourceTree = "<group>"; };
		8A76A6D01E0000F16BC1BA92 /* PluginUpdater.entitlements */ = {isa = PBXFileReference; lastKnownFileType = text.plist.entitlements; path = PluginUpdater.entitlements; sourceTree = "<group>"; };
		8BC4908F51CDC729F0645FC6 /* PluginVersion.swift */ = {isa = PBXFileReference; lastKnownFileType = sourcecode.swift; path = PluginVersion.swift; sourceTree = "<group>"; };
		8FD735DCF3B89D813DB2D8CF /* UpdateManifestEntry.swift */ = {isa = PBXFileReference; lastKnownFileType = sourcecode.swift; path = UpdateManifestEntry.swift; sourceTree = "<group>"; };
		986676A91CA888FBD5DC549A /* Assets.xcassets */ = {isa = PBXFileReference; lastKnownFileType = folder.assetcatalog; path = Assets.xcassets; sourceTree = "<group>"; };
		990E16D0A171C0562103EE08 /* AbletonProjectModelTests.swift */ = {isa = PBXFileReference; lastKnownFileType = sourcecode.swift; path = AbletonProjectModelTests.swift; sourceTree = "<group>"; };
		9AF4A30AE18D8FC6309341A9 /* NSTableViewFinder.swift */ = {isa = PBXFileReference; lastKnownFileType = sourcecode.swift; path = NSTableViewFinder.swift; sourceTree = "<group>"; };
		9C050396835BD7F636548ACE /* PluginDetailView.swift */ = {isa = PBXFileReference; lastKnownFileType = sourcecode.swift; path = PluginDetailView.swift; sourceTree = "<group>"; };
		9EDFCF45CB9FA3E07DE63CF5 /* ScanLocationTests.swift */ = {isa = PBXFileReference; lastKnownFileType = sourcecode.swift; path = ScanLocationTests.swift; sourceTree = "<group>"; };
		9F4E2D6328514A432E594F40 /* VersionParserTests.swift */ = {isa = PBXFileReference; lastKnownFileType = sourcecode.swift; path = VersionParserTests.swift; sourceTree = "<group>"; };
		9FF4EF4A1B1F491B5FCB2107 /* AbletonProjectScannerTests.swift */ = {isa = PBXFileReference; lastKnownFileType = sourcecode.swift; path = AbletonProjectScannerTests.swift; sourceTree = "<group>"; };
		A588CB8DFDCA92B11B7ECDC7 /* ScanLocation.swift */ = {isa = PBXFileReference; lastKnownFileType = sourcecode.swift; path = ScanLocation.swift; sourceTree = "<group>"; };
		A837F2C3F147FE3B2378743E /* UpdateManifestTests.swift */ = {isa = PBXFileReference; lastKnownFileType = sourcecode.swift; path = UpdateManifestTests.swift; sourceTree = "<group>"; };
		A8507964F3E9247BFC5BB580 /* PersistenceController.swift */ = {isa = PBXFileReference; lastKnownFileType = sourcecode.swift; path = PersistenceController.swift; sourceTree = "<group>"; };
		AAF221F6C24157869E6F3E85 /* ProjectListViewTests.swift */ = {isa = PBXFileReference; lastKnownFileType = sourcecode.swift; path = ProjectListViewTests.swift; sourceTree = "<group>"; };
		AB464ABB49A24F29E6CF5654 /* ManifestManager.swift */ = {isa = PBXFileReference; lastKnownFileType = sourcecode.swift; path = ManifestManager.swift; sourceTree = "<group>"; };
		AB541C2C1BBAE25F36584A8F /* AbletonProject.swift */ = {isa = PBXFileReference; lastKnownFileType = sourcecode.swift; path = AbletonProject.swift; sourceTree = "<group>"; };
		B66AD28DDDD2ED9703BCD41B /* ArchitectureDetector.swift */ = {isa = PBXFileReference; lastKnownFileType = sourcecode.swift; path = ArchitectureDetector.swift; sourceTree = "<group>"; };
		BB7F42BE5E5DA6496192F356 /* ProjectListView.swift */ = {isa = PBXFileReference; lastKnownFileType = sourcecode.swift; path = ProjectListView.swift; sourceTree = "<group>"; };
		BBF560CA07A0EBF86AD46F17 /* AbletonProjectPlugin.swift */ = {isa = PBXFileReference; lastKnownFileType = sourcecode.swift; path = AbletonProjectPlugin.swift; sourceTree = "<group>"; };
		BE724FF345F7369F4059BB6E /* vendor_urls.json */ = {isa = PBXFileReference; lastKnownFileType = text.json; path = vendor_urls.json; sourceTree = "<group>"; };
		C0075A029C426D72E02843DB /* PluginScanner.swift */ = {isa = PBXFileReference; lastKnownFileType = sourcecode.swift; path = PluginScanner.swift; sourceTree = "<group>"; };
		C419BEFFE80A25F8F0CCC4E2 /* VersionCheckerTests.swift */ = {isa = PBXFileReference; lastKnownFileType = sourcecode.swift; path = VersionCheckerTests.swift; sourceTree = "<group>"; };
		C664FA0B7A7969EFAD0316E0 /* PluginMatcherTests.swift */ = {isa = PBXFileReference; lastKnownFileType = sourcecode.swift; path = PluginMatcherTests.swift; sourceTree = "<group>"; };
		C87599BD5818534B5DD12E59 /* PluginUpdaterTests.xctest */ = {isa = PBXFileReference; explicitFileType = wrapper.cfbundle; includeInIndex = 0; path = PluginUpdaterTests.xctest; sourceTree = BUILT_PRODUCTS_DIR; };
		C8A56CA68C718D6EB1FD50D7 /* PluginModelTests.swift */ = {isa = PBXFileReference; lastKnownFileType = sourcecode.swift; path = PluginModelTests.swift; sourceTree = "<group>"; };
		CB60DE5B1E64F45E37BD8A1C /* ArchitectureDetectorTests.swift */ = {isa = PBXFileReference; lastKnownFileType = sourcecode.swift; path = ArchitectureDetectorTests.swift; sourceTree = "<group>"; };
		CBA6B4E9B3F58F0C720500CB /* BundleMetadataExtractorTests.swift */ = {isa = PBXFileReference; lastKnownFileType = sourcecode.swift; path = BundleMetadataExtractorTests.swift; sourceTree = "<group>"; };
		CE00D48FF579CB2C859A32CF /* VendorURLResolver.swift */ = {isa = PBXFileReference; lastKnownFileType = sourcecode.swift; path = VendorURLResolver.swift; sourceTree = "<group>"; };
		D3A38EDC8D6ED15E7BEF4646 /* cask_mappings.json */ = {isa = PBXFileReference; lastKnownFileType = text.json; path = cask_mappings.json; sourceTree = "<group>"; };
		DA3A07860952E18E0DEC046B /* VendorResolver.swift */ = {isa = PBXFileReference; lastKnownFileType = sourcecode.swift; path = VendorResolver.swift; sourceTree = "<group>"; };
		E70B64A002F6840CC260242D /* AbletonProjectParserTests.swift */ = {isa = PBXFileReference; lastKnownFileType = sourcecode.swift; path = AbletonProjectParserTests.swift; sourceTree = "<group>"; };
		EC93F8EF57BA9A0FD9879280 /* AppState.swift */ = {isa = PBXFileReference; lastKnownFileType = sourcecode.swift; path = AppState.swift; sourceTree = "<group>"; };
		EE5E64D484AEBF8F443CC747 /* PluginUpdaterApp.swift */ = {isa = PBXFileReference; lastKnownFileType = sourcecode.swift; path = PluginUpdaterApp.swift; sourceTree = "<group>"; };
		EF0DAA61F5C1D3CA587AF319 /* VersionHistoryView.swift */ = {isa = PBXFileReference; lastKnownFileType = sourcecode.swift; path = VersionHistoryView.swift; sourceTree = "<group>"; };
		F000674EA4300F88278E2F37 /* AppUpdateCheckerTests.swift */ = {isa = PBXFileReference; lastKnownFileType = sourcecode.swift; path = AppUpdateCheckerTests.swift; sourceTree = "<group>"; };
		F5DF70C3C105617C5ED85FF7 /* VersionChecker.swift */ = {isa = PBXFileReference; lastKnownFileType = sourcecode.swift; path = VersionChecker.swift; sourceTree = "<group>"; };
		FE222F13CA653E287E98D190 /* ContextMenuActionTests.swift */ = {isa = PBXFileReference; lastKnownFileType = sourcecode.swift; path = ContextMenuActionTests.swift; sourceTree = "<group>"; };
/* End PBXFileReference section */

/* Begin PBXGroup section */
		01634FF47B66356B3293C6C9 /* Detail */ = {
			isa = PBXGroup;
			children = (
				9C050396835BD7F636548ACE /* PluginDetailView.swift */,
				EF0DAA61F5C1D3CA587AF319 /* VersionHistoryView.swift */,
			);
			path = Detail;
			sourceTree = "<group>";
		};
		091E10A63C392BD737EB10C7 /* Generated */ = {
			isa = PBXGroup;
			children = (
				5006207CA28B14BE7DFB20CD /* AppVersion.swift */,
			);
			path = Generated;
			sourceTree = "<group>";
		};
		16E512DED25F8B04EEF01253 /* PluginUpdater */ = {
			isa = PBXGroup;
			children = (
				8A76A6D01E0000F16BC1BA92 /* PluginUpdater.entitlements */,
				6E9FA46DBC2B5A74133ED227 /* App */,
				091E10A63C392BD737EB10C7 /* Generated */,
				C5F74C4848B26F5B4EE7FB8D /* Models */,
				FC00FC601BF33D7746D9C938 /* Resources */,
				893BCC1E237B639D99E31C8A /* Services */,
				1CDDC4AD11EF6EA80F3AC6A0 /* Utilities */,
				6A68ED38FFF82247453761DD /* Views */,
			);
			path = PluginUpdater;
			sourceTree = "<group>";
		};
		1CDDC4AD11EF6EA80F3AC6A0 /* Utilities */ = {
			isa = PBXGroup;
			children = (
				567E1F6ED699C9EAFA295ED1 /* AppLogger.swift */,
				3E9D30986AADC09D953814BE /* Constants.swift */,
				9AF4A30AE18D8FC6309341A9 /* NSTableViewFinder.swift */,
				503F3446C52399A51B4A3DE1 /* Extensions */,
			);
			path = Utilities;
			sourceTree = "<group>";
		};
		422E98828C8899DF10341858 /* Utilities */ = {
			isa = PBXGroup;
			children = (
				5642C14BB4CA023226BC86AA /* AssetNamesTests.swift */,
			);
			path = Utilities;
			sourceTree = "<group>";
		};
		465617638B16C1A39BD1BAC2 /* Views */ = {
			isa = PBXGroup;
			children = (
				FE222F13CA653E287E98D190 /* ContextMenuActionTests.swift */,
				7260843A198DC8AF06D3BCDC /* ProjectDetailViewTests.swift */,
				AAF221F6C24157869E6F3E85 /* ProjectListViewTests.swift */,
				3C4F86DC778100292C275751 /* UpdateStatusIndicatorTests.swift */,
			);
			path = Views;
			sourceTree = "<group>";
		};
		48217EE8A0F52F6229BA7415 /* Settings */ = {
			isa = PBXGroup;
			children = (
				77DEF28C969390E7D1827F3D /* NotificationSettingsView.swift */,
				0DC3971E9045D641781CF69E /* ScanPathsEditor.swift */,
				7E455535FE74D6F17BDEBF9E /* SettingsView.swift */,
			);
			path = Settings;
			sourceTree = "<group>";
		};
		4B79FF31AD704FCEE3410494 /* Services */ = {
			isa = PBXGroup;
			children = (
				E70B64A002F6840CC260242D /* AbletonProjectParserTests.swift */,
				9FF4EF4A1B1F491B5FCB2107 /* AbletonProjectScannerTests.swift */,
				F000674EA4300F88278E2F37 /* AppUpdateCheckerTests.swift */,
				CB60DE5B1E64F45E37BD8A1C /* ArchitectureDetectorTests.swift */,
				CBA6B4E9B3F58F0C720500CB /* BundleMetadataExtractorTests.swift */,
				0F4C374ECB160B55AF5974F3 /* PersistenceControllerTests.swift */,
				C664FA0B7A7969EFAD0316E0 /* PluginMatcherTests.swift */,
				7A598E6367944C87FE41AEE0 /* PluginReconcilerTests.swift */,
				17D4C0D1A9C8114B07C93E84 /* PluginScannerTests.swift */,
				4ABA7B65965903CD781A23E7 /* ProjectReconcilerTests.swift */,
				5CE6380DB266015098CA2F47 /* URLExtensionTests.swift */,
				5DBDCA9E8EEA702794CA532A /* VendorResolverTests.swift */,
				058703EFBA8361D1A9CFE0E8 /* VendorURLResolverTests.swift */,
				C419BEFFE80A25F8F0CCC4E2 /* VersionCheckerTests.swift */,
				9F4E2D6328514A432E594F40 /* VersionParserTests.swift */,
			);
			path = Services;
			sourceTree = "<group>";
		};
		4DBF5A276EB701F43A30D3CD /* Persistence */ = {
			isa = PBXGroup;
			children = (
				A8507964F3E9247BFC5BB580 /* PersistenceController.swift */,
				48945FF5154578D9FA574F84 /* PluginReconciler.swift */,
				859839BCCB9C43D08AF95F7D /* ProjectReconciler.swift */,
			);
			path = Persistence;
			sourceTree = "<group>";
		};
		503F3446C52399A51B4A3DE1 /* Extensions */ = {
			isa = PBXGroup;
			children = (
				443F8EF8565B79D25D4658BE /* String+Version.swift */,
				151EB46EC83CDD51442D51E8 /* URL+PluginBundle.swift */,
			);
			path = Extensions;
			sourceTree = "<group>";
		};
		5B721B1076B50F3E409B029C /* Projects */ = {
			isa = PBXGroup;
			children = (
				77BFAC4857A07DF1A9660DB8 /* ProjectDetailView.swift */,
				BB7F42BE5E5DA6496192F356 /* ProjectListView.swift */,
			);
			path = Projects;
			sourceTree = "<group>";
		};
		66EF6A892836BCFE1C1A5AC1 /* Dashboard */ = {
			isa = PBXGroup;
			children = (
				696F41E6C13E22B96BB66267 /* DashboardView.swift */,
			);
			path = Dashboard;
			sourceTree = "<group>";
		};
		6A68ED38FFF82247453761DD /* Views */ = {
			isa = PBXGroup;
			children = (
				A6F1AAB05A5400A8210712FF /* Components */,
				66EF6A892836BCFE1C1A5AC1 /* Dashboard */,
				01634FF47B66356B3293C6C9 /* Detail */,
				81BF4D2789431D9FE51BA91C /* MenuBar */,
				5B721B1076B50F3E409B029C /* Projects */,
				48217EE8A0F52F6229BA7415 /* Settings */,
			);
			path = Views;
			sourceTree = "<group>";
		};
		6E9FA46DBC2B5A74133ED227 /* App */ = {
			isa = PBXGroup;
			children = (
				EC93F8EF57BA9A0FD9879280 /* AppState.swift */,
				EE5E64D484AEBF8F443CC747 /* PluginUpdaterApp.swift */,
			);
			path = App;
			sourceTree = "<group>";
		};
		77F02EF83B9CC6DBD9443868 /* PluginUpdaterTests */ = {
			isa = PBXGroup;
			children = (
				78FE303BA9B6455714F5405E /* Models */,
				4B79FF31AD704FCEE3410494 /* Services */,
				422E98828C8899DF10341858 /* Utilities */,
				465617638B16C1A39BD1BAC2 /* Views */,
			);
			path = PluginUpdaterTests;
			sourceTree = "<group>";
		};
		78FE303BA9B6455714F5405E /* Models */ = {
			isa = PBXGroup;
			children = (
				990E16D0A171C0562103EE08 /* AbletonProjectModelTests.swift */,
				02063DE3C8D3333A309332EC /* PluginFormatTests.swift */,
				54993856C5106C87AEBC386E /* PluginHideTests.swift */,
				C8A56CA68C718D6EB1FD50D7 /* PluginModelTests.swift */,
				9EDFCF45CB9FA3E07DE63CF5 /* ScanLocationTests.swift */,
				A837F2C3F147FE3B2378743E /* UpdateManifestTests.swift */,
			);
			path = Models;
			sourceTree = "<group>";
		};
		81BF4D2789431D9FE51BA91C /* MenuBar */ = {
			isa = PBXGroup;
			children = (
				7FE3723F80F115C503F6117F /* MenuBarPopoverView.swift */,
			);
			path = MenuBar;
			sourceTree = "<group>";
		};
		893BCC1E237B639D99E31C8A /* Services */ = {
			isa = PBXGroup;
			children = (
				5C33FFFC7417CE4C6FC7FF12 /* PluginImageService.swift */,
				EF9C600E5ADDDA376C7FF39B /* Monitoring */,
				B2F83BBB422C057AA52DEF0B /* Notifications */,
				4DBF5A276EB701F43A30D3CD /* Persistence */,
				DC38C4483E3C50FF1022E16F /* Scanner */,
				FBF64783BEC6E3E1450771B9 /* Updates */,
			);
			path = Services;
			sourceTree = "<group>";
		};
		A6F1AAB05A5400A8210712FF /* Components */ = {
			isa = PBXGroup;
			children = (
				5C11DF638C0C66FA77CD533E /* AvailableVersionCell.swift */,
				17DFB4D8B2C016D078A49A68 /* PluginFormatBadge.swift */,
				3B2A40B95918D92D1FAEB0BC /* UpdateStatusIndicator.swift */,
				68BBAABB4C7CF313F0C5E8E0 /* VendorLink.swift */,
			);
			path = Components;
			sourceTree = "<group>";
		};
		B2F83BBB422C057AA52DEF0B /* Notifications */ = {
			isa = PBXGroup;
			children = (
				27AD453D9B6930C4A3717BED /* NotificationManager.swift */,
			);
			path = Notifications;
			sourceTree = "<group>";
		};
		C5F74C4848B26F5B4EE7FB8D /* Models */ = {
			isa = PBXGroup;
			children = (
				AB541C2C1BBAE25F36584A8F /* AbletonProject.swift */,
				BBF560CA07A0EBF86AD46F17 /* AbletonProjectPlugin.swift */,
				40E9F0D88FC395A0E299CABE /* CPUArchitecture.swift */,
				6BC8E0BFE748332634B82821 /* Plugin.swift */,
				50B2F733E2F4A6FA4BFC9282 /* PluginFormat.swift */,
				8BC4908F51CDC729F0645FC6 /* PluginVersion.swift */,
				A588CB8DFDCA92B11B7ECDC7 /* ScanLocation.swift */,
				8FD735DCF3B89D813DB2D8CF /* UpdateManifestEntry.swift */,
				613B2B7BA5C37C8E758A0BF9 /* VendorInfo.swift */,
			);
			path = Models;
			sourceTree = "<group>";
		};
		D86E4D3728A01720FBDD4B5F /* Products */ = {
			isa = PBXGroup;
			children = (
				26FAE2FD3A9E736C649A8D80 /* PluginUpdater.app */,
				C87599BD5818534B5DD12E59 /* PluginUpdaterTests.xctest */,
			);
			name = Products;
			sourceTree = "<group>";
		};
		DC38C4483E3C50FF1022E16F /* Scanner */ = {
			isa = PBXGroup;
			children = (
				5BDE5668FF5EA5B0845DD8F3 /* AbletonProjectParser.swift */,
				1C88F3F96F4096F64078A348 /* AbletonProjectScanner.swift */,
				B66AD28DDDD2ED9703BCD41B /* ArchitectureDetector.swift */,
				197B81B66CD75BA67B4741F0 /* BundleMetadataExtractor.swift */,
				26C4FEC3DC6C7D6191981965 /* PluginMatcher.swift */,
				C0075A029C426D72E02843DB /* PluginScanner.swift */,
				DA3A07860952E18E0DEC046B /* VendorResolver.swift */,
			);
			path = Scanner;
			sourceTree = "<group>";
		};
		EAD02B6BF1E054E272673336 = {
			isa = PBXGroup;
			children = (
				16E512DED25F8B04EEF01253 /* PluginUpdater */,
				77F02EF83B9CC6DBD9443868 /* PluginUpdaterTests */,
				D86E4D3728A01720FBDD4B5F /* Products */,
			);
			sourceTree = "<group>";
		};
		EF9C600E5ADDDA376C7FF39B /* Monitoring */ = {
			isa = PBXGroup;
			children = (
				6374A2122F3079A1BD7E318D /* FileSystemMonitor.swift */,
			);
			path = Monitoring;
			sourceTree = "<group>";
		};
		FBF64783BEC6E3E1450771B9 /* Updates */ = {
			isa = PBXGroup;
			children = (
				2FC140E85F6B430D9D28E88F /* AppUpdateChecker.swift */,
				AB464ABB49A24F29E6CF5654 /* ManifestManager.swift */,
				CE00D48FF579CB2C859A32CF /* VendorURLResolver.swift */,
				F5DF70C3C105617C5ED85FF7 /* VersionChecker.swift */,
			);
			path = Updates;
			sourceTree = "<group>";
		};
		FC00FC601BF33D7746D9C938 /* Resources */ = {
			isa = PBXGroup;
			children = (
				986676A91CA888FBD5DC549A /* Assets.xcassets */,
				D3A38EDC8D6ED15E7BEF4646 /* cask_mappings.json */,
				2A275AFC90E301499BCBB80A /* default_manifest.json */,
				BE724FF345F7369F4059BB6E /* vendor_urls.json */,
			);
			path = Resources;
			sourceTree = "<group>";
		};
/* End PBXGroup section */

/* Begin PBXNativeTarget section */
		085BAABEBFCC6F0782E526C1 /* PluginUpdaterTests */ = {
			isa = PBXNativeTarget;
			buildConfigurationList = F9B4B531D94264BA6CDA06F1 /* Build configuration list for PBXNativeTarget "PluginUpdaterTests" */;
			buildPhases = (
				CC927717AF6C33F37C4E10C0 /* Sources */,
			);
			buildRules = (
			);
			dependencies = (
				AF3C43B7BC3102855D554C00 /* PBXTargetDependency */,
			);
			name = PluginUpdaterTests;
			packageProductDependencies = (
			);
			productName = PluginUpdaterTests;
			productReference = C87599BD5818534B5DD12E59 /* PluginUpdaterTests.xctest */;
			productType = "com.apple.product-type.bundle.unit-test";
		};
		08FC87220CDBFC1E7805D738 /* PluginUpdater */ = {
			isa = PBXNativeTarget;
			buildConfigurationList = BBCCD9C9BCEC1115D4C4A28F /* Build configuration list for PBXNativeTarget "PluginUpdater" */;
			buildPhases = (
				D319EE1EA3BE7D0D01106756 /* Generate Version from Git */,
				5AB16FDABFDF082E7B62EA79 /* Sources */,
				06F9A5D381D41B12F0BA1DAC /* Resources */,
			);
			buildRules = (
			);
			dependencies = (
			);
			name = PluginUpdater;
			packageProductDependencies = (
			);
			productName = PluginUpdater;
			productReference = 26FAE2FD3A9E736C649A8D80 /* PluginUpdater.app */;
			productType = "com.apple.product-type.application";
		};
/* End PBXNativeTarget section */

/* Begin PBXProject section */
		CF20AACFDD057574C3092F2F /* Project object */ = {
			isa = PBXProject;
			attributes = {
				BuildIndependentTargetsInParallel = YES;
				LastUpgradeCheck = 1600;
				TargetAttributes = {
					08FC87220CDBFC1E7805D738 = {
						ProvisioningStyle = Automatic;
					};
				};
			};
			buildConfigurationList = 8C9271F78CEB37EB30B5D465 /* Build configuration list for PBXProject "PluginUpdater" */;
			developmentRegion = en;
			hasScannedForEncodings = 0;
			knownRegions = (
				Base,
				en,
			);
			mainGroup = EAD02B6BF1E054E272673336;
			minimizedProjectReferenceProxies = 1;
			preferredProjectObjectVersion = 77;
			productRefGroup = D86E4D3728A01720FBDD4B5F /* Products */;
			projectDirPath = "";
			projectRoot = "";
			targets = (
				08FC87220CDBFC1E7805D738 /* PluginUpdater */,
				085BAABEBFCC6F0782E526C1 /* PluginUpdaterTests */,
			);
		};
/* End PBXProject section */

/* Begin PBXResourcesBuildPhase section */
		06F9A5D381D41B12F0BA1DAC /* Resources */ = {
			isa = PBXResourcesBuildPhase;
			buildActionMask = 2147483647;
			files = (
				DDA1FEB4B3D0FA778B40B8C9 /* Assets.xcassets in Resources */,
				DAD8803691DCB4FF77AB2EC0 /* cask_mappings.json in Resources */,
				7BF3E307DB4608D962156F1E /* default_manifest.json in Resources */,
				5AC8E361BC1A63D3672BA750 /* vendor_urls.json in Resources */,
			);
			runOnlyForDeploymentPostprocessing = 0;
		};
/* End PBXResourcesBuildPhase section */

/* Begin PBXShellScriptBuildPhase section */
		D319EE1EA3BE7D0D01106756 /* Generate Version from Git */ = {
			isa = PBXShellScriptBuildPhase;
			buildActionMask = 2147483647;
			files = (
			);
			inputFileListPaths = (
			);
			inputPaths = (
			);
			name = "Generate Version from Git";
			outputFileListPaths = (
			);
			outputPaths = (
				"$(SRCROOT)/PluginUpdater/Generated/AppVersion.swift",
			);
			runOnlyForDeploymentPostprocessing = 0;
			shellPath = /bin/sh;
			shellScript = "\"${PROJECT_DIR}/../scripts/generate-version.sh\"\n";
		};
/* End PBXShellScriptBuildPhase section */

/* Begin PBXSourcesBuildPhase section */
		5AB16FDABFDF082E7B62EA79 /* Sources */ = {
			isa = PBXSourcesBuildPhase;
			buildActionMask = 2147483647;
			files = (
				4C33669D95444617E54A5D63 /* AbletonProject.swift in Sources */,
				26EC09E92BD8EB4594B0581B /* AbletonProjectParser.swift in Sources */,
				FC5247E53239629726DAC9D6 /* AbletonProjectPlugin.swift in Sources */,
				431B5E454463F9CA9C3AF02E /* AbletonProjectScanner.swift in Sources */,
				BD97DA43C9B1536C8035B73E /* AppLogger.swift in Sources */,
				5EC118195278CECA9A597B86 /* AppState.swift in Sources */,
				0C2B1176C0E94B366EEA9719 /* AppUpdateChecker.swift in Sources */,
				899B613AB284F8F9D528EC0B /* AppVersion.swift in Sources */,
				E1065AF7BEAEE6C7B28F1A6E /* ArchitectureDetector.swift in Sources */,
				676BD62C9C7651D4D040103F /* AvailableVersionCell.swift in Sources */,
				2399380FC71A4C0E4A1393F6 /* BundleMetadataExtractor.swift in Sources */,
				001056A58D6A044FE878C816 /* CPUArchitecture.swift in Sources */,
				ECA8707A7773A23B9E80059F /* Constants.swift in Sources */,
				1AD3F653DF2ED4EE9DE9FA48 /* DashboardView.swift in Sources */,
				F65525A9AA9BCA5A0249F223 /* FileSystemMonitor.swift in Sources */,
				7341AFB665F38EDA0DD89450 /* ManifestManager.swift in Sources */,
				CD34817EAA390B6528E62B5D /* MenuBarPopoverView.swift in Sources */,
				7E95577656352305F6537C11 /* NSTableViewFinder.swift in Sources */,
				B49D299B461F137CCE71320E /* NotificationManager.swift in Sources */,
				B26B9937EF5FB24735575B8C /* NotificationSettingsView.swift in Sources */,
				300120473D5D58C1510785F3 /* PersistenceController.swift in Sources */,
				846D8655E139B8D9B814B8DE /* Plugin.swift in Sources */,
				A0789214418FC09BCFFA1A08 /* PluginDetailView.swift in Sources */,
				9E34A902CB91B58410878005 /* PluginFormat.swift in Sources */,
				C3C4D4DD4EDB0D265BF124A2 /* PluginFormatBadge.swift in Sources */,
				672E54C5CE4EBBA486DA3D1A /* PluginImageService.swift in Sources */,
				158504F9C4BF11B961B54251 /* PluginMatcher.swift in Sources */,
				DE50686CF90D72FE5067B057 /* PluginReconciler.swift in Sources */,
				424E33F6164C2AC0F13DC754 /* PluginScanner.swift in Sources */,
				E36F62F52B778306706E170D /* PluginUpdaterApp.swift in Sources */,
				2EF730C86C416F28B22BEC98 /* PluginVersion.swift in Sources */,
				5E74265A9645B66EB4C21E84 /* ProjectDetailView.swift in Sources */,
				4B7C03DCD25941E0E9D4CE59 /* ProjectListView.swift in Sources */,
				EDC66A04A27FBAE6D80470EC /* ProjectReconciler.swift in Sources */,
				F1190AAC2028E4067E12D151 /* ScanLocation.swift in Sources */,
				EDF5385E9626F393378D3790 /* ScanPathsEditor.swift in Sources */,
				FA9F5B3B76F71F73DA81D765 /* SettingsView.swift in Sources */,
				BB685A85A17B33B5B7F744F2 /* String+Version.swift in Sources */,
				77E5B68EC2A706F54DBE4439 /* URL+PluginBundle.swift in Sources */,
				F4E3F3721B3D4DC21F5B7618 /* UpdateManifestEntry.swift in Sources */,
				AE39E1893F3995A0372E46C8 /* UpdateStatusIndicator.swift in Sources */,
				2638FD8F14CECB04E4FA2257 /* VendorInfo.swift in Sources */,
				A709FEEA68B7E388F1A5AAFD /* VendorLink.swift in Sources */,
				1426A98A13DBF5C5D184993D /* VendorResolver.swift in Sources */,
				DB03D582F8E7BA9FD73350EB /* VendorURLResolver.swift in Sources */,
				F720A9F3DF5B4C2CB1F06D77 /* VersionChecker.swift in Sources */,
				8ECAB3C9ED34D1868CCF7FB7 /* VersionHistoryView.swift in Sources */,
			);
			runOnlyForDeploymentPostprocessing = 0;
		};
		CC927717AF6C33F37C4E10C0 /* Sources */ = {
			isa = PBXSourcesBuildPhase;
			buildActionMask = 2147483647;
			files = (
				58FE6954E649DE2B614BC00D /* AbletonProjectModelTests.swift in Sources */,
				7E6A1152237E18A8C9A90059 /* AbletonProjectParserTests.swift in Sources */,
				002ED17C38422E0665BDA70C /* AbletonProjectScannerTests.swift in Sources */,
				2B88331B0AB8407AE5B3B5F9 /* AppUpdateCheckerTests.swift in Sources */,
				A83F2BF484741B576EBFD528 /* ArchitectureDetectorTests.swift in Sources */,
				A4F965356550E03BE2D1254D /* AssetNamesTests.swift in Sources */,
				F3C6BA58672FB61A3F52CA11 /* BundleMetadataExtractorTests.swift in Sources */,
				4D3ED583D835CC072BA442F7 /* ContextMenuActionTests.swift in Sources */,
				D9D1FC24E55250860FF6AA5D /* PersistenceControllerTests.swift in Sources */,
				3B77607C97AEA365C179293C /* PluginFormatTests.swift in Sources */,
				0A69C6CDB779E830D34E4E81 /* PluginHideTests.swift in Sources */,
				094A82A62070027682AB3EFC /* PluginMatcherTests.swift in Sources */,
				898EF245015E10839D80C33D /* PluginModelTests.swift in Sources */,
				C5B8D7AF3420606D0EC80F93 /* PluginReconcilerTests.swift in Sources */,
				C92E9EEF49370FF411973B90 /* PluginScannerTests.swift in Sources */,
				9FBEF27BFFC36F3B978022BB /* ProjectDetailViewTests.swift in Sources */,
				B08B71EF247DE2731E581B58 /* ProjectListViewTests.swift in Sources */,
				95949FB06F9BE8690F99E941 /* ProjectReconcilerTests.swift in Sources */,
				C226CFE3B3914AF892FB57AA /* ScanLocationTests.swift in Sources */,
				B6220976895AFAD7563D0C4F /* URLExtensionTests.swift in Sources */,
				0D301D58EFA2BE8EE6C3DCF5 /* UpdateManifestTests.swift in Sources */,
				6CAB8E41AF6C5406489BF843 /* UpdateStatusIndicatorTests.swift in Sources */,
				0D59BE745E8A11095705C990 /* VendorResolverTests.swift in Sources */,
				309026F4A5FE45F2A6B979CC /* VendorURLResolverTests.swift in Sources */,
				C234C97DC03FF1364B11692C /* VersionCheckerTests.swift in Sources */,
				D584995C9E4B2B57E7AB34D1 /* VersionParserTests.swift in Sources */,
			);
			runOnlyForDeploymentPostprocessing = 0;
		};
/* End PBXSourcesBuildPhase section */

/* Begin PBXTargetDependency section */
		AF3C43B7BC3102855D554C00 /* PBXTargetDependency */ = {
			isa = PBXTargetDependency;
			target = 08FC87220CDBFC1E7805D738 /* PluginUpdater */;
			targetProxy = 7A8466427124B0AC1E37F63C /* PBXContainerItemProxy */;
		};
/* End PBXTargetDependency section */

/* Begin XCBuildConfiguration section */
		12C8D0D643F70840B94E65C6 /* Release */ = {
			isa = XCBuildConfiguration;
			buildSettings = {
				ASSETCATALOG_COMPILER_APPICON_NAME = AppIcon;
				CODE_SIGN_ENTITLEMENTS = PluginUpdater/PluginUpdater.entitlements;
				CODE_SIGN_STYLE = Automatic;
				COMBINE_HIDPI_IMAGES = YES;
				CURRENT_PROJECT_VERSION = 1;
				ENABLE_HARDENED_RUNTIME = YES;
				GENERATE_INFOPLIST_FILE = YES;
				INFOPLIST_KEY_CFBundleDisplayName = "Plugin Updater";
				INFOPLIST_KEY_LSApplicationCategoryType = "public.app-category.utilities";
				INFOPLIST_KEY_LSUIElement = NO;
				LD_RUNPATH_SEARCH_PATHS = (
					"$(inherited)",
					"@executable_path/../Frameworks",
				);
				MACOSX_DEPLOYMENT_TARGET = 14.0;
				MARKETING_VERSION = 1.0.0;
				PRODUCT_BUNDLE_IDENTIFIER = com.tomioueda.PluginUpdater;
				PRODUCT_NAME = PluginUpdater;
				SDKROOT = macosx;
				SWIFT_VERSION = 5.9;
			};
			name = Release;
		};
		551B74E23891647332B5EE59 /* Debug */ = {
			isa = XCBuildConfiguration;
			buildSettings = {
				BUNDLE_LOADER = "$(TEST_HOST)";
				COMBINE_HIDPI_IMAGES = YES;
				GENERATE_INFOPLIST_FILE = YES;
				LD_RUNPATH_SEARCH_PATHS = (
					"$(inherited)",
					"@executable_path/../Frameworks",
					"@loader_path/../Frameworks",
				);
				MACOSX_DEPLOYMENT_TARGET = 14.0;
				PRODUCT_BUNDLE_IDENTIFIER = com.tomioueda.PluginUpdaterTests;
				SDKROOT = macosx;
				SWIFT_VERSION = 5.9;
				TEST_HOST = "$(BUILT_PRODUCTS_DIR)/PluginUpdater.app/Contents/MacOS/PluginUpdater";
			};
			name = Debug;
		};
		A7DC976B1F7E3BE80785C949 /* Debug */ = {
			isa = XCBuildConfiguration;
			buildSettings = {
				ASSETCATALOG_COMPILER_APPICON_NAME = AppIcon;
				CODE_SIGN_ENTITLEMENTS = PluginUpdater/PluginUpdater.entitlements;
				CODE_SIGN_STYLE = Automatic;
				COMBINE_HIDPI_IMAGES = YES;
				CURRENT_PROJECT_VERSION = 1;
				ENABLE_HARDENED_RUNTIME = YES;
				GENERATE_INFOPLIST_FILE = YES;
				INFOPLIST_KEY_CFBundleDisplayName = "Plugin Updater";
				INFOPLIST_KEY_LSApplicationCategoryType = "public.app-category.utilities";
				INFOPLIST_KEY_LSUIElement = NO;
				LD_RUNPATH_SEARCH_PATHS = (
					"$(inherited)",
					"@executable_path/../Frameworks",
				);
				MACOSX_DEPLOYMENT_TARGET = 14.0;
				MARKETING_VERSION = 1.0.0;
				PRODUCT_BUNDLE_IDENTIFIER = com.tomioueda.PluginUpdater;
				PRODUCT_NAME = PluginUpdater;
				SDKROOT = macosx;
				SWIFT_VERSION = 5.9;
			};
			name = Debug;
		};
		AA7893CD485E5777EE3A99FF /* Release */ = {
			isa = XCBuildConfiguration;
			buildSettings = {
				ALWAYS_SEARCH_USER_PATHS = NO;
				CLANG_ANALYZER_NONNULL = YES;
				CLANG_ANALYZER_NUMBER_OBJECT_CONVERSION = YES_AGGRESSIVE;
				CLANG_CXX_LANGUAGE_STANDARD = "gnu++14";
				CLANG_CXX_LIBRARY = "libc++";
				CLANG_ENABLE_MODULES = YES;
				CLANG_ENABLE_OBJC_ARC = YES;
				CLANG_ENABLE_OBJC_WEAK = YES;
				CLANG_WARN_BLOCK_CAPTURE_AUTORELEASING = YES;
				CLANG_WARN_BOOL_CONVERSION = YES;
				CLANG_WARN_COMMA = YES;
				CLANG_WARN_CONSTANT_CONVERSION = YES;
				CLANG_WARN_DEPRECATED_OBJC_IMPLEMENTATIONS = YES;
				CLANG_WARN_DIRECT_OBJC_ISA_USAGE = YES_ERROR;
				CLANG_WARN_DOCUMENTATION_COMMENTS = YES;
				CLANG_WARN_EMPTY_BODY = YES;
				CLANG_WARN_ENUM_CONVERSION = YES;
				CLANG_WARN_INFINITE_RECURSION = YES;
				CLANG_WARN_INT_CONVERSION = YES;
				CLANG_WARN_NON_LITERAL_NULL_CONVERSION = YES;
				CLANG_WARN_OBJC_IMPLICIT_RETAIN_SELF = YES;
				CLANG_WARN_OBJC_LITERAL_CONVERSION = YES;
				CLANG_WARN_OBJC_ROOT_CLASS = YES_ERROR;
				CLANG_WARN_QUOTED_INCLUDE_IN_FRAMEWORK_HEADER = YES;
				CLANG_WARN_RANGE_LOOP_ANALYSIS = YES;
				CLANG_WARN_STRICT_PROTOTYPES = YES;
				CLANG_WARN_SUSPICIOUS_MOVE = YES;
				CLANG_WARN_UNGUARDED_AVAILABILITY = YES_AGGRESSIVE;
				CLANG_WARN_UNREACHABLE_CODE = YES;
				CLANG_WARN__DUPLICATE_METHOD_MATCH = YES;
				COPY_PHASE_STRIP = NO;
				DEBUG_INFORMATION_FORMAT = "dwarf-with-dsym";
				ENABLE_NS_ASSERTIONS = NO;
				ENABLE_STRICT_OBJC_MSGSEND = YES;
				GCC_C_LANGUAGE_STANDARD = gnu11;
				GCC_NO_COMMON_BLOCKS = YES;
				GCC_WARN_64_TO_32_BIT_CONVERSION = YES;
				GCC_WARN_ABOUT_RETURN_TYPE = YES_ERROR;
				GCC_WARN_UNDECLARED_SELECTOR = YES;
				GCC_WARN_UNINITIALIZED_AUTOS = YES_AGGRESSIVE;
				GCC_WARN_UNUSED_FUNCTION = YES;
				GCC_WARN_UNUSED_VARIABLE = YES;
				MACOSX_DEPLOYMENT_TARGET = 14.0;
				MTL_ENABLE_DEBUG_INFO = NO;
				MTL_FAST_MATH = YES;
				PRODUCT_NAME = "$(TARGET_NAME)";
				SDKROOT = macosx;
				SWIFT_COMPILATION_MODE = wholemodule;
				SWIFT_OPTIMIZATION_LEVEL = "-O";
				SWIFT_VERSION = 5.0;
			};
			name = Release;
		};
		AC9B00F48BFD159EE82D478B /* Debug */ = {
			isa = XCBuildConfiguration;
			buildSettings = {
				ALWAYS_SEARCH_USER_PATHS = NO;
				CLANG_ANALYZER_NONNULL = YES;
				CLANG_ANALYZER_NUMBER_OBJECT_CONVERSION = YES_AGGRESSIVE;
				CLANG_CXX_LANGUAGE_STANDARD = "gnu++14";
				CLANG_CXX_LIBRARY = "libc++";
				CLANG_ENABLE_MODULES = YES;
				CLANG_ENABLE_OBJC_ARC = YES;
				CLANG_ENABLE_OBJC_WEAK = YES;
				CLANG_WARN_BLOCK_CAPTURE_AUTORELEASING = YES;
				CLANG_WARN_BOOL_CONVERSION = YES;
				CLANG_WARN_COMMA = YES;
				CLANG_WARN_CONSTANT_CONVERSION = YES;
				CLANG_WARN_DEPRECATED_OBJC_IMPLEMENTATIONS = YES;
				CLANG_WARN_DIRECT_OBJC_ISA_USAGE = YES_ERROR;
				CLANG_WARN_DOCUMENTATION_COMMENTS = YES;
				CLANG_WARN_EMPTY_BODY = YES;
				CLANG_WARN_ENUM_CONVERSION = YES;
				CLANG_WARN_INFINITE_RECURSION = YES;
				CLANG_WARN_INT_CONVERSION = YES;
				CLANG_WARN_NON_LITERAL_NULL_CONVERSION = YES;
				CLANG_WARN_OBJC_IMPLICIT_RETAIN_SELF = YES;
				CLANG_WARN_OBJC_LITERAL_CONVERSION = YES;
				CLANG_WARN_OBJC_ROOT_CLASS = YES_ERROR;
				CLANG_WARN_QUOTED_INCLUDE_IN_FRAMEWORK_HEADER = YES;
				CLANG_WARN_RANGE_LOOP_ANALYSIS = YES;
				CLANG_WARN_STRICT_PROTOTYPES = YES;
				CLANG_WARN_SUSPICIOUS_MOVE = YES;
				CLANG_WARN_UNGUARDED_AVAILABILITY = YES_AGGRESSIVE;
				CLANG_WARN_UNREACHABLE_CODE = YES;
				CLANG_WARN__DUPLICATE_METHOD_MATCH = YES;
				COPY_PHASE_STRIP = NO;
				DEBUG_INFORMATION_FORMAT = dwarf;
				ENABLE_STRICT_OBJC_MSGSEND = YES;
				ENABLE_TESTABILITY = YES;
				GCC_C_LANGUAGE_STANDARD = gnu11;
				GCC_DYNAMIC_NO_PIC = NO;
				GCC_NO_COMMON_BLOCKS = YES;
				GCC_OPTIMIZATION_LEVEL = 0;
				GCC_PREPROCESSOR_DEFINITIONS = (
					"$(inherited)",
					"DEBUG=1",
				);
				GCC_WARN_64_TO_32_BIT_CONVERSION = YES;
				GCC_WARN_ABOUT_RETURN_TYPE = YES_ERROR;
				GCC_WARN_UNDECLARED_SELECTOR = YES;
				GCC_WARN_UNINITIALIZED_AUTOS = YES_AGGRESSIVE;
				GCC_WARN_UNUSED_FUNCTION = YES;
				GCC_WARN_UNUSED_VARIABLE = YES;
				MACOSX_DEPLOYMENT_TARGET = 14.0;
				MTL_ENABLE_DEBUG_INFO = INCLUDE_SOURCE;
				MTL_FAST_MATH = YES;
				ONLY_ACTIVE_ARCH = YES;
				PRODUCT_NAME = "$(TARGET_NAME)";
				SDKROOT = macosx;
				SWIFT_ACTIVE_COMPILATION_CONDITIONS = DEBUG;
				SWIFT_OPTIMIZATION_LEVEL = "-Onone";
				SWIFT_VERSION = 5.0;
			};
			name = Debug;
		};
		E4540D3E72C09C16FB40E1A6 /* Release */ = {
			isa = XCBuildConfiguration;
			buildSettings = {
				BUNDLE_LOADER = "$(TEST_HOST)";
				COMBINE_HIDPI_IMAGES = YES;
				GENERATE_INFOPLIST_FILE = YES;
				LD_RUNPATH_SEARCH_PATHS = (
					"$(inherited)",
					"@executable_path/../Frameworks",
					"@loader_path/../Frameworks",
				);
				MACOSX_DEPLOYMENT_TARGET = 14.0;
				PRODUCT_BUNDLE_IDENTIFIER = com.tomioueda.PluginUpdaterTests;
				SDKROOT = macosx;
				SWIFT_VERSION = 5.9;
				TEST_HOST = "$(BUILT_PRODUCTS_DIR)/PluginUpdater.app/Contents/MacOS/PluginUpdater";
			};
			name = Release;
		};
/* End XCBuildConfiguration section */

/* Begin XCConfigurationList section */
		8C9271F78CEB37EB30B5D465 /* Build configuration list for PBXProject "PluginUpdater" */ = {
			isa = XCConfigurationList;
			buildConfigurations = (
				AC9B00F48BFD159EE82D478B /* Debug */,
				AA7893CD485E5777EE3A99FF /* Release */,
			);
			defaultConfigurationIsVisible = 0;
			defaultConfigurationName = Debug;
		};
		BBCCD9C9BCEC1115D4C4A28F /* Build configuration list for PBXNativeTarget "PluginUpdater" */ = {
			isa = XCConfigurationList;
			buildConfigurations = (
				A7DC976B1F7E3BE80785C949 /* Debug */,
				12C8D0D643F70840B94E65C6 /* Release */,
			);
			defaultConfigurationIsVisible = 0;
			defaultConfigurationName = Debug;
		};
		F9B4B531D94264BA6CDA06F1 /* Build configuration list for PBXNativeTarget "PluginUpdaterTests" */ = {
			isa = XCConfigurationList;
			buildConfigurations = (
				551B74E23891647332B5EE59 /* Debug */,
				E4540D3E72C09C16FB40E1A6 /* Release */,
			);
			defaultConfigurationIsVisible = 0;
			defaultConfigurationName = Debug;
		};
/* End XCConfigurationList section */
	};
	rootObject = CF20AACFDD057574C3092F2F /* Project object */;
}
